
Microsoft Visual Studio Solution File, Format Version 12.00
# Visual Studio Version 16
VisualStudioVersion = 16.0.29519.87
MinimumVisualStudioVersion = 10.0.40219.1
Project("{FAE04EC0-301F-11D3-BF4B-00C04F79EFBC}") = "5lesson", "5lesson.csproj", "{D440F8DD-EC6D-47B3-ACE0-D1ABF9ACBB4D}"
EndProject
Global
	GlobalSection(SolutionConfigurationPlatforms) = preSolution
		Debug|Any CPU = Debug|Any CPU
		Release|Any CPU = Release|Any CPU
	EndGlobalSection
	GlobalSection(ProjectConfigurationPlatforms) = postSolution
		{D440F8DD-EC6D-47B3-ACE0-D1ABF9ACBB4D}.Debug|Any CPU.ActiveCfg = Debug|Any CPU
		{D440F8DD-EC6D-47B3-ACE0-D1ABF9ACBB4D}.Debug|Any CPU.Build.0 = Debug|Any CPU
		{D440F8DD-EC6D-47B3-ACE0-D1ABF9ACBB4D}.Release|Any CPU.ActiveCfg = Release|Any CPU
		{D440F8DD-EC6D-47B3-ACE0-D1ABF9ACBB4D}.Release|Any CPU.Build.0 = Release|Any CPU
	EndGlobalSection
	GlobalSection(SolutionProperties) = preSolution
		HideSolutionNode = FALSE
	EndGlobalSection
	GlobalSection(ExtensibilityGlobals) = postSolution
		SolutionGuid = {AFB21686-7199-4D48-9E62-6E0A7B58615D}
	EndGlobalSection
EndGlobal
